
Microsoft Visual Studio Solution File, Format Version 12.00
# Visual Studio Version 16
VisualStudioVersion = 16.0.29201.188
MinimumVisualStudioVersion = 10.0.40219.1
Project("{FAE04EC0-301F-11D3-BF4B-00C04F79EFBC}") = "WolfgramAPI", "WolfgramAPI.csproj", "{EBFFA683-7BB0-4364-95D5-A9A503998C92}"
EndProject
Global
	GlobalSection(SolutionConfigurationPlatforms) = preSolution
		Debug|Any CPU = Debug|Any CPU
		Release|Any CPU = Release|Any CPU
	EndGlobalSection
	GlobalSection(ProjectConfigurationPlatforms) = postSolution
		{EBFFA683-7BB0-4364-95D5-A9A503998C92}.Debug|Any CPU.ActiveCfg = Debug|Any CPU
		{EBFFA683-7BB0-4364-95D5-A9A503998C92}.Debug|Any CPU.Build.0 = Debug|Any CPU
		{EBFFA683-7BB0-4364-95D5-A9A503998C92}.Release|Any CPU.ActiveCfg = Release|Any CPU
		{EBFFA683-7BB0-4364-95D5-A9A503998C92}.Release|Any CPU.Build.0 = Release|Any CPU
	EndGlobalSection
	GlobalSection(SolutionProperties) = preSolution
		HideSolutionNode = FALSE
	EndGlobalSection
	GlobalSection(ExtensibilityGlobals) = postSolution
		SolutionGuid = {CE694BCA-5659-40E4-8394-839C5C41D766}
	EndGlobalSection
EndGlobal
